
Microsoft Visual Studio Solution File, Format Version 12.00
# Visual Studio 15
VisualStudioVersion = 15.0.28307.136
MinimumVisualStudioVersion = 10.0.40219.1
Project("{8BC9CEB8-8B4A-11D0-8D11-00A0C91BC942}") = "CPPSwap", "CPPSwap\CPPSwap.vcxproj", "{49BB02CF-3112-4E2A-BD84-E0965188F334}"
EndProject
Project("{8BC9CEB8-8B4A-11D0-8D11-00A0C91BC942}") = "nagyobb", "nagyobb\nagyobb.vcxproj", "{771497AB-BC58-46A4-96A3-5200F8C2EFF5}"
EndProject
Project("{8BC9CEB8-8B4A-11D0-8D11-00A0C91BC942}") = "hftest", "hftest\hftest.vcxproj", "{1D9C5E08-FD18-4A3F-855B-89D758F22096}"
EndProject
Project("{8BC9CEB8-8B4A-11D0-8D11-00A0C91BC942}") = "string1", "lab2\string1\string1.vcxproj", "{45DA0C9C-8626-43DE-B7F0-301B612CD05A}"
EndProject
Project("{8BC9CEB8-8B4A-11D0-8D11-00A0C91BC942}") = "string2", "lab2\string2_cpp\string2.vcxproj", "{1FBB9BD9-DC68-4E88-A55F-DCCE95F23213}"
EndProject
Project("{8BC9CEB8-8B4A-11D0-8D11-00A0C91BC942}") = "nem_oo", "f2\nem_oo.vcxproj", "{89C04FDE-B8D4-471C-8A88-9C27C209E524}"
EndProject
Project("{8BC9CEB8-8B4A-11D0-8D11-00A0C91BC942}") = "test", "test\test.vcxproj", "{6F1C9D23-060C-4B41-8E4F-B5C9FB6F09D5}"
EndProject
Project("{8BC9CEB8-8B4A-11D0-8D11-00A0C91BC942}") = "CppEllenallas", "CppEllenallas\CppEllenallas.vcxproj", "{1BB4D981-7F3E-4A6F-A69D-954F33621CAC}"
EndProject
Project("{8BC9CEB8-8B4A-11D0-8D11-00A0C91BC942}") = "komplex", "Komplex\komplex.vcxproj", "{28B1FB08-2F8B-4C4E-9E0D-E1F849BE79B2}"
EndProject
Project("{8BC9CEB8-8B4A-11D0-8D11-00A0C91BC942}") = "resistor", "lab4\resistor.vcxproj", "{2BBC8737-D00B-41B9-98A8-D44DD9053CEE}"
EndProject
Project("{8BC9CEB8-8B4A-11D0-8D11-00A0C91BC942}") = "CppVektor", "CppVektor\CppVektor.vcxproj", "{AC31E472-A633-428F-AD07-FED964FD5348}"
EndProject
Project("{8BC9CEB8-8B4A-11D0-8D11-00A0C91BC942}") = "string5", "lab5\string5.vcxproj", "{82AFFF26-CC4E-40EA-9A70-39F4765ABFC0}"
EndProject
Project("{8BC9CEB8-8B4A-11D0-8D11-00A0C91BC942}") = "CppEmber", "CppEmber\CppEmber.vcxproj", "{B6BCC2EF-D183-45F8-BBD5-63B90361DAF4}"
EndProject
Project("{8BC9CEB8-8B4A-11D0-8D11-00A0C91BC942}") = "CppBolt", "CppBolt\CppBolt.vcxproj", "{1551D3EF-4280-485B-97F7-156002CE1290}"
EndProject
Project("{8BC9CEB8-8B4A-11D0-8D11-00A0C91BC942}") = "alakzatlab2", "Alakzatlab2\alakzatlab2.vcxproj", "{2F45B2D3-9FE7-4975-BEAE-D3D24AACE45B}"
EndProject
Project("{8BC9CEB8-8B4A-11D0-8D11-00A0C91BC942}") = "UString", "UString\UString.vcxproj", "{5DD3E8DF-99C7-4F6F-828E-28CCE707B3A4}"
EndProject
Project("{8BC9CEB8-8B4A-11D0-8D11-00A0C91BC942}") = "generikus1", "lab_08\generikus1\generikus1.vcxproj", "{79C9E9C3-84CB-413A-955A-A97D07617647}"
EndProject
Project("{8BC9CEB8-8B4A-11D0-8D11-00A0C91BC942}") = "halmaz", "lab_08\halmaz\halmaz.vcxproj", "{9F8010E7-9209-4AC7-8404-06D454EC868B}"
EndProject
Project("{8BC9CEB8-8B4A-11D0-8D11-00A0C91BC942}") = "PString", "PString\PString.vcxproj", "{C6DF6905-FD35-48A1-A011-95EC69B1350A}"
EndProject
Global
	GlobalSection(SolutionConfigurationPlatforms) = preSolution
		Debug|x64 = Debug|x64
		Debug|x86 = Debug|x86
		Release|x64 = Release|x64
		Release|x86 = Release|x86
	EndGlobalSection
	GlobalSection(ProjectConfigurationPlatforms) = postSolution
		{49BB02CF-3112-4E2A-BD84-E0965188F334}.Debug|x64.ActiveCfg = Debug|x64
		{49BB02CF-3112-4E2A-BD84-E0965188F334}.Debug|x64.Build.0 = Debug|x64
		{49BB02CF-3112-4E2A-BD84-E0965188F334}.Debug|x86.ActiveCfg = Debug|Win32
		{49BB02CF-3112-4E2A-BD84-E0965188F334}.Debug|x86.Build.0 = Debug|Win32
		{49BB02CF-3112-4E2A-BD84-E0965188F334}.Release|x64.ActiveCfg = Release|x64
		{49BB02CF-3112-4E2A-BD84-E0965188F334}.Release|x64.Build.0 = Release|x64
		{49BB02CF-3112-4E2A-BD84-E0965188F334}.Release|x86.ActiveCfg = Release|Win32
		{49BB02CF-3112-4E2A-BD84-E0965188F334}.Release|x86.Build.0 = Release|Win32
		{771497AB-BC58-46A4-96A3-5200F8C2EFF5}.Debug|x64.ActiveCfg = Debug|x64
		{771497AB-BC58-46A4-96A3-5200F8C2EFF5}.Debug|x64.Build.0 = Debug|x64
		{771497AB-BC58-46A4-96A3-5200F8C2EFF5}.Debug|x86.ActiveCfg = Debug|Win32
		{771497AB-BC58-46A4-96A3-5200F8C2EFF5}.Debug|x86.Build.0 = Debug|Win32
		{771497AB-BC58-46A4-96A3-5200F8C2EFF5}.Release|x64.ActiveCfg = Release|x64
		{771497AB-BC58-46A4-96A3-5200F8C2EFF5}.Release|x64.Build.0 = Release|x64
		{771497AB-BC58-46A4-96A3-5200F8C2EFF5}.Release|x86.ActiveCfg = Release|Win32
		{771497AB-BC58-46A4-96A3-5200F8C2EFF5}.Release|x86.Build.0 = Release|Win32
		{1D9C5E08-FD18-4A3F-855B-89D758F22096}.Debug|x64.ActiveCfg = Debug|x64
		{1D9C5E08-FD18-4A3F-855B-89D758F22096}.Debug|x64.Build.0 = Debug|x64
		{1D9C5E08-FD18-4A3F-855B-89D758F22096}.Debug|x86.ActiveCfg = Debug|Win32
		{1D9C5E08-FD18-4A3F-855B-89D758F22096}.Debug|x86.Build.0 = Debug|Win32
		{1D9C5E08-FD18-4A3F-855B-89D758F22096}.Release|x64.ActiveCfg = Release|x64
		{1D9C5E08-FD18-4A3F-855B-89D758F22096}.Release|x64.Build.0 = Release|x64
		{1D9C5E08-FD18-4A3F-855B-89D758F22096}.Release|x86.ActiveCfg = Release|Win32
		{1D9C5E08-FD18-4A3F-855B-89D758F22096}.Release|x86.Build.0 = Release|Win32
		{45DA0C9C-8626-43DE-B7F0-301B612CD05A}.Debug|x64.ActiveCfg = Debug|Win32
		{45DA0C9C-8626-43DE-B7F0-301B612CD05A}.Debug|x86.ActiveCfg = Debug|Win32
		{45DA0C9C-8626-43DE-B7F0-301B612CD05A}.Debug|x86.Build.0 = Debug|Win32
		{45DA0C9C-8626-43DE-B7F0-301B612CD05A}.Release|x64.ActiveCfg = Release|Win32
		{45DA0C9C-8626-43DE-B7F0-301B612CD05A}.Release|x86.ActiveCfg = Release|Win32
		{45DA0C9C-8626-43DE-B7F0-301B612CD05A}.Release|x86.Build.0 = Release|Win32
		{1FBB9BD9-DC68-4E88-A55F-DCCE95F23213}.Debug|x64.ActiveCfg = Debug|Win32
		{1FBB9BD9-DC68-4E88-A55F-DCCE95F23213}.Debug|x86.ActiveCfg = Debug|Win32
		{1FBB9BD9-DC68-4E88-A55F-DCCE95F23213}.Debug|x86.Build.0 = Debug|Win32
		{1FBB9BD9-DC68-4E88-A55F-DCCE95F23213}.Release|x64.ActiveCfg = Release|Win32
		{1FBB9BD9-DC68-4E88-A55F-DCCE95F23213}.Release|x86.ActiveCfg = Release|Win32
		{1FBB9BD9-DC68-4E88-A55F-DCCE95F23213}.Release|x86.Build.0 = Release|Win32
		{89C04FDE-B8D4-471C-8A88-9C27C209E524}.Debug|x64.ActiveCfg = Debug|Win32
		{89C04FDE-B8D4-471C-8A88-9C27C209E524}.Debug|x86.ActiveCfg = Debug|Win32
		{89C04FDE-B8D4-471C-8A88-9C27C209E524}.Debug|x86.Build.0 = Debug|Win32
		{89C04FDE-B8D4-471C-8A88-9C27C209E524}.Release|x64.ActiveCfg = Release|Win32
		{89C04FDE-B8D4-471C-8A88-9C27C209E524}.Release|x86.ActiveCfg = Release|Win32
		{89C04FDE-B8D4-471C-8A88-9C27C209E524}.Release|x86.Build.0 = Release|Win32
		{6F1C9D23-060C-4B41-8E4F-B5C9FB6F09D5}.Debug|x64.ActiveCfg = Debug|x64
		{6F1C9D23-060C-4B41-8E4F-B5C9FB6F09D5}.Debug|x64.Build.0 = Debug|x64
		{6F1C9D23-060C-4B41-8E4F-B5C9FB6F09D5}.Debug|x86.ActiveCfg = Debug|Win32
		{6F1C9D23-060C-4B41-8E4F-B5C9FB6F09D5}.Debug|x86.Build.0 = Debug|Win32
		{6F1C9D23-060C-4B41-8E4F-B5C9FB6F09D5}.Release|x64.ActiveCfg = Release|x64
		{6F1C9D23-060C-4B41-8E4F-B5C9FB6F09D5}.Release|x64.Build.0 = Release|x64
		{6F1C9D23-060C-4B41-8E4F-B5C9FB6F09D5}.Release|x86.ActiveCfg = Release|Win32
		{6F1C9D23-060C-4B41-8E4F-B5C9FB6F09D5}.Release|x86.Build.0 = Release|Win32
		{1BB4D981-7F3E-4A6F-A69D-954F33621CAC}.Debug|x64.ActiveCfg = Debug|x64
		{1BB4D981-7F3E-4A6F-A69D-954F33621CAC}.Debug|x64.Build.0 = Debug|x64
		{1BB4D981-7F3E-4A6F-A69D-954F33621CAC}.Debug|x86.ActiveCfg = Debug|Win32
		{1BB4D981-7F3E-4A6F-A69D-954F33621CAC}.Debug|x86.Build.0 = Debug|Win32
		{1BB4D981-7F3E-4A6F-A69D-954F33621CAC}.Release|x64.ActiveCfg = Release|x64
		{1BB4D981-7F3E-4A6F-A69D-954F33621CAC}.Release|x64.Build.0 = Release|x64
		{1BB4D981-7F3E-4A6F-A69D-954F33621CAC}.Release|x86.ActiveCfg = Release|Win32
		{1BB4D981-7F3E-4A6F-A69D-954F33621CAC}.Release|x86.Build.0 = Release|Win32
		{28B1FB08-2F8B-4C4E-9E0D-E1F849BE79B2}.Debug|x64.ActiveCfg = Debug|Win32
		{28B1FB08-2F8B-4C4E-9E0D-E1F849BE79B2}.Debug|x86.ActiveCfg = Debug|Win32
		{28B1FB08-2F8B-4C4E-9E0D-E1F849BE79B2}.Debug|x86.Build.0 = Debug|Win32
		{28B1FB08-2F8B-4C4E-9E0D-E1F849BE79B2}.Release|x64.ActiveCfg = Release|Win32
		{28B1FB08-2F8B-4C4E-9E0D-E1F849BE79B2}.Release|x86.ActiveCfg = Release|Win32
		{28B1FB08-2F8B-4C4E-9E0D-E1F849BE79B2}.Release|x86.Build.0 = Release|Win32
		{2BBC8737-D00B-41B9-98A8-D44DD9053CEE}.Debug|x64.ActiveCfg = Debug|Win32
		{2BBC8737-D00B-41B9-98A8-D44DD9053CEE}.Debug|x86.ActiveCfg = Debug|Win32
		{2BBC8737-D00B-41B9-98A8-D44DD9053CEE}.Debug|x86.Build.0 = Debug|Win32
		{2BBC8737-D00B-41B9-98A8-D44DD9053CEE}.Release|x64.ActiveCfg = Release|Win32
		{2BBC8737-D00B-41B9-98A8-D44DD9053CEE}.Release|x86.ActiveCfg = Release|Win32
		{2BBC8737-D00B-41B9-98A8-D44DD9053CEE}.Release|x86.Build.0 = Release|Win32
		{AC31E472-A633-428F-AD07-FED964FD5348}.Debug|x64.ActiveCfg = Debug|Win32
		{AC31E472-A633-428F-AD07-FED964FD5348}.Debug|x86.ActiveCfg = Debug|Win32
		{AC31E472-A633-428F-AD07-FED964FD5348}.Debug|x86.Build.0 = Debug|Win32
		{AC31E472-A633-428F-AD07-FED964FD5348}.Release|x64.ActiveCfg = Release|Win32
		{AC31E472-A633-428F-AD07-FED964FD5348}.Release|x86.ActiveCfg = Release|Win32
		{AC31E472-A633-428F-AD07-FED964FD5348}.Release|x86.Build.0 = Release|Win32
		{82AFFF26-CC4E-40EA-9A70-39F4765ABFC0}.Debug|x64.ActiveCfg = Debug|Win32
		{82AFFF26-CC4E-40EA-9A70-39F4765ABFC0}.Debug|x86.ActiveCfg = Debug|Win32
		{82AFFF26-CC4E-40EA-9A70-39F4765ABFC0}.Debug|x86.Build.0 = Debug|Win32
		{82AFFF26-CC4E-40EA-9A70-39F4765ABFC0}.Release|x64.ActiveCfg = Release|Win32
		{82AFFF26-CC4E-40EA-9A70-39F4765ABFC0}.Release|x86.ActiveCfg = Release|Win32
		{82AFFF26-CC4E-40EA-9A70-39F4765ABFC0}.Release|x86.Build.0 = Release|Win32
		{B6BCC2EF-D183-45F8-BBD5-63B90361DAF4}.Debug|x64.ActiveCfg = Debug|Win32
		{B6BCC2EF-D183-45F8-BBD5-63B90361DAF4}.Debug|x86.ActiveCfg = Debug|Win32
		{B6BCC2EF-D183-45F8-BBD5-63B90361DAF4}.Debug|x86.Build.0 = Debug|Win32
		{B6BCC2EF-D183-45F8-BBD5-63B90361DAF4}.Release|x64.ActiveCfg = Release|Win32
		{B6BCC2EF-D183-45F8-BBD5-63B90361DAF4}.Release|x86.ActiveCfg = Release|Win32
		{B6BCC2EF-D183-45F8-BBD5-63B90361DAF4}.Release|x86.Build.0 = Release|Win32
		{1551D3EF-4280-485B-97F7-156002CE1290}.Debug|x64.ActiveCfg = Debug|x64
		{1551D3EF-4280-485B-97F7-156002CE1290}.Debug|x64.Build.0 = Debug|x64
		{1551D3EF-4280-485B-97F7-156002CE1290}.Debug|x86.ActiveCfg = Debug|Win32
		{1551D3EF-4280-485B-97F7-156002CE1290}.Debug|x86.Build.0 = Debug|Win32
		{1551D3EF-4280-485B-97F7-156002CE1290}.Release|x64.ActiveCfg = Release|x64
		{1551D3EF-4280-485B-97F7-156002CE1290}.Release|x64.Build.0 = Release|x64
		{1551D3EF-4280-485B-97F7-156002CE1290}.Release|x86.ActiveCfg = Release|Win32
		{1551D3EF-4280-485B-97F7-156002CE1290}.Release|x86.Build.0 = Release|Win32
		{2F45B2D3-9FE7-4975-BEAE-D3D24AACE45B}.Debug|x64.ActiveCfg = Debug|Win32
		{2F45B2D3-9FE7-4975-BEAE-D3D24AACE45B}.Debug|x86.ActiveCfg = Debug|Win32
		{2F45B2D3-9FE7-4975-BEAE-D3D24AACE45B}.Debug|x86.Build.0 = Debug|Win32
		{2F45B2D3-9FE7-4975-BEAE-D3D24AACE45B}.Release|x64.ActiveCfg = Release|Win32
		{2F45B2D3-9FE7-4975-BEAE-D3D24AACE45B}.Release|x86.ActiveCfg = Release|Win32
		{2F45B2D3-9FE7-4975-BEAE-D3D24AACE45B}.Release|x86.Build.0 = Release|Win32
		{5DD3E8DF-99C7-4F6F-828E-28CCE707B3A4}.Debug|x64.ActiveCfg = Debug|x64
		{5DD3E8DF-99C7-4F6F-828E-28CCE707B3A4}.Debug|x64.Build.0 = Debug|x64
		{5DD3E8DF-99C7-4F6F-828E-28CCE707B3A4}.Debug|x86.ActiveCfg = Debug|Win32
		{5DD3E8DF-99C7-4F6F-828E-28CCE707B3A4}.Debug|x86.Build.0 = Debug|Win32
		{5DD3E8DF-99C7-4F6F-828E-28CCE707B3A4}.Release|x64.ActiveCfg = Release|x64
		{5DD3E8DF-99C7-4F6F-828E-28CCE707B3A4}.Release|x64.Build.0 = Release|x64
		{5DD3E8DF-99C7-4F6F-828E-28CCE707B3A4}.Release|x86.ActiveCfg = Release|Win32
		{5DD3E8DF-99C7-4F6F-828E-28CCE707B3A4}.Release|x86.Build.0 = Release|Win32
		{79C9E9C3-84CB-413A-955A-A97D07617647}.Debug|x64.ActiveCfg = Debug|Win32
		{79C9E9C3-84CB-413A-955A-A97D07617647}.Debug|x86.ActiveCfg = Debug|Win32
		{79C9E9C3-84CB-413A-955A-A97D07617647}.Debug|x86.Build.0 = Debug|Win32
		{79C9E9C3-84CB-413A-955A-A97D07617647}.Release|x64.ActiveCfg = Release|Win32
		{79C9E9C3-84CB-413A-955A-A97D07617647}.Release|x86.ActiveCfg = Release|Win32
		{79C9E9C3-84CB-413A-955A-A97D07617647}.Release|x86.Build.0 = Release|Win32
		{9F8010E7-9209-4AC7-8404-06D454EC868B}.Debug|x64.ActiveCfg = Debug|Win32
		{9F8010E7-9209-4AC7-8404-06D454EC868B}.Debug|x86.ActiveCfg = Debug|Win32
		{9F8010E7-9209-4AC7-8404-06D454EC868B}.Debug|x86.Build.0 = Debug|Win32
		{9F8010E7-9209-4AC7-8404-06D454EC868B}.Release|x64.ActiveCfg = Release|Win32
		{9F8010E7-9209-4AC7-8404-06D454EC868B}.Release|x86.ActiveCfg = Release|Win32
		{9F8010E7-9209-4AC7-8404-06D454EC868B}.Release|x86.Build.0 = Release|Win32
		{C6DF6905-FD35-48A1-A011-95EC69B1350A}.Debug|x64.ActiveCfg = Debug|x64
		{C6DF6905-FD35-48A1-A011-95EC69B1350A}.Debug|x64.Build.0 = Debug|x64
		{C6DF6905-FD35-48A1-A011-95EC69B1350A}.Debug|x86.ActiveCfg = Debug|Win32
		{C6DF6905-FD35-48A1-A011-95EC69B1350A}.Debug|x86.Build.0 = Debug|Win32
		{C6DF6905-FD35-48A1-A011-95EC69B1350A}.Release|x64.ActiveCfg = Release|x64
		{C6DF6905-FD35-48A1-A011-95EC69B1350A}.Release|x64.Build.0 = Release|x64
		{C6DF6905-FD35-48A1-A011-95EC69B1350A}.Release|x86.ActiveCfg = Release|Win32
		{C6DF6905-FD35-48A1-A011-95EC69B1350A}.Release|x86.Build.0 = Release|Win32
	EndGlobalSection
	GlobalSection(SolutionProperties) = preSolution
		HideSolutionNode = FALSE
	EndGlobalSection
	GlobalSection(ExtensibilityGlobals) = postSolution
		SolutionGuid = {9A087E58-42C5-4331-9320-F4CD4AA5B169}
	EndGlobalSection
EndGlobal
